
Microsoft Visual Studio Solution File, Format Version 12.00
# Visual Studio 15
VisualStudioVersion = 15.0.28307.421
MinimumVisualStudioVersion = 10.0.40219.1
Project("{FAE04EC0-301F-11D3-BF4B-00C04F79EFBC}") = "Xamarin.App.Android", "Xamarin.App\Xamarin.App.Android\Xamarin.App.Android.csproj", "{24CE3C36-16B9-426D-AA0C-5961ECF8D88C}"
EndProject
Project("{FAE04EC0-301F-11D3-BF4B-00C04F79EFBC}") = "Xamarin.App.iOS", "Xamarin.App\Xamarin.App.iOS\Xamarin.App.iOS.csproj", "{68E6F746-B88D-4BB8-A1EC-01EC4621CD31}"
EndProject
Project("{FAE04EC0-301F-11D3-BF4B-00C04F79EFBC}") = "Xamarin.App.MobileAppService", "Xamarin.App\Xamarin.App.MobileAppService\Xamarin.App.MobileAppService.csproj", "{EE9E4614-9871-4D60-A99F-872189A1223E}"
EndProject
Project("{FAE04EC0-301F-11D3-BF4B-00C04F79EFBC}") = "Xamarin.App", "Xamarin.App\Xamarin.App\Xamarin.App.csproj", "{C9A4CF86-C605-4CD6-AAD0-6CC7804DA71F}"
EndProject
Global
	GlobalSection(SolutionConfigurationPlatforms) = preSolution
		Debug|Any CPU = Debug|Any CPU
		Debug|iPhone = Debug|iPhone
		Debug|iPhoneSimulator = Debug|iPhoneSimulator
		Release|Any CPU = Release|Any CPU
		Release|iPhone = Release|iPhone
		Release|iPhoneSimulator = Release|iPhoneSimulator
	EndGlobalSection
	GlobalSection(ProjectConfigurationPlatforms) = postSolution
		{24CE3C36-16B9-426D-AA0C-5961ECF8D88C}.Debug|Any CPU.ActiveCfg = Debug|Any CPU
		{24CE3C36-16B9-426D-AA0C-5961ECF8D88C}.Debug|Any CPU.Build.0 = Debug|Any CPU
		{24CE3C36-16B9-426D-AA0C-5961ECF8D88C}.Debug|Any CPU.Deploy.0 = Debug|Any CPU
		{24CE3C36-16B9-426D-AA0C-5961ECF8D88C}.Debug|iPhone.ActiveCfg = Debug|Any CPU
		{24CE3C36-16B9-426D-AA0C-5961ECF8D88C}.Debug|iPhone.Build.0 = Debug|Any CPU
		{24CE3C36-16B9-426D-AA0C-5961ECF8D88C}.Debug|iPhone.Deploy.0 = Debug|Any CPU
		{24CE3C36-16B9-426D-AA0C-5961ECF8D88C}.Debug|iPhoneSimulator.ActiveCfg = Debug|Any CPU
		{24CE3C36-16B9-426D-AA0C-5961ECF8D88C}.Debug|iPhoneSimulator.Build.0 = Debug|Any CPU
		{24CE3C36-16B9-426D-AA0C-5961ECF8D88C}.Debug|iPhoneSimulator.Deploy.0 = Debug|Any CPU
		{24CE3C36-16B9-426D-AA0C-5961ECF8D88C}.Release|Any CPU.ActiveCfg = Release|Any CPU
		{24CE3C36-16B9-426D-AA0C-5961ECF8D88C}.Release|Any CPU.Build.0 = Release|Any CPU
		{24CE3C36-16B9-426D-AA0C-5961ECF8D88C}.Release|Any CPU.Deploy.0 = Release|Any CPU
		{24CE3C36-16B9-426D-AA0C-5961ECF8D88C}.Release|iPhone.ActiveCfg = Release|Any CPU
		{24CE3C36-16B9-426D-AA0C-5961ECF8D88C}.Release|iPhone.Build.0 = Release|Any CPU
		{24CE3C36-16B9-426D-AA0C-5961ECF8D88C}.Release|iPhone.Deploy.0 = Release|Any CPU
		{24CE3C36-16B9-426D-AA0C-5961ECF8D88C}.Release|iPhoneSimulator.ActiveCfg = Release|Any CPU
		{24CE3C36-16B9-426D-AA0C-5961ECF8D88C}.Release|iPhoneSimulator.Build.0 = Release|Any CPU
		{24CE3C36-16B9-426D-AA0C-5961ECF8D88C}.Release|iPhoneSimulator.Deploy.0 = Release|Any CPU
		{68E6F746-B88D-4BB8-A1EC-01EC4621CD31}.Debug|Any CPU.ActiveCfg = Debug|iPhoneSimulator
		{68E6F746-B88D-4BB8-A1EC-01EC4621CD31}.Debug|Any CPU.Build.0 = Debug|iPhoneSimulator
		{68E6F746-B88D-4BB8-A1EC-01EC4621CD31}.Debug|Any CPU.Deploy.0 = Debug|iPhoneSimulator
		{68E6F746-B88D-4BB8-A1EC-01EC4621CD31}.Debug|iPhone.ActiveCfg = Debug|iPhone
		{68E6F746-B88D-4BB8-A1EC-01EC4621CD31}.Debug|iPhone.Build.0 = Debug|iPhone
		{68E6F746-B88D-4BB8-A1EC-01EC4621CD31}.Debug|iPhone.Deploy.0 = Debug|iPhone
		{68E6F746-B88D-4BB8-A1EC-01EC4621CD31}.Debug|iPhoneSimulator.ActiveCfg = Debug|iPhoneSimulator
		{68E6F746-B88D-4BB8-A1EC-01EC4621CD31}.Debug|iPhoneSimulator.Build.0 = Debug|iPhoneSimulator
		{68E6F746-B88D-4BB8-A1EC-01EC4621CD31}.Debug|iPhoneSimulator.Deploy.0 = Debug|iPhoneSimulator
		{68E6F746-B88D-4BB8-A1EC-01EC4621CD31}.Release|Any CPU.ActiveCfg = Release|iPhone
		{68E6F746-B88D-4BB8-A1EC-01EC4621CD31}.Release|Any CPU.Build.0 = Release|iPhone
		{68E6F746-B88D-4BB8-A1EC-01EC4621CD31}.Release|Any CPU.Deploy.0 = Release|iPhone
		{68E6F746-B88D-4BB8-A1EC-01EC4621CD31}.Release|iPhone.ActiveCfg = Release|iPhone
		{68E6F746-B88D-4BB8-A1EC-01EC4621CD31}.Release|iPhone.Build.0 = Release|iPhone
		{68E6F746-B88D-4BB8-A1EC-01EC4621CD31}.Release|iPhone.Deploy.0 = Release|iPhone
		{68E6F746-B88D-4BB8-A1EC-01EC4621CD31}.Release|iPhoneSimulator.ActiveCfg = Release|iPhoneSimulator
		{68E6F746-B88D-4BB8-A1EC-01EC4621CD31}.Release|iPhoneSimulator.Build.0 = Release|iPhoneSimulator
		{68E6F746-B88D-4BB8-A1EC-01EC4621CD31}.Release|iPhoneSimulator.Deploy.0 = Release|iPhoneSimulator
		{EE9E4614-9871-4D60-A99F-872189A1223E}.Debug|Any CPU.ActiveCfg = Debug|Any CPU
		{EE9E4614-9871-4D60-A99F-872189A1223E}.Debug|Any CPU.Build.0 = Debug|Any CPU
		{EE9E4614-9871-4D60-A99F-872189A1223E}.Debug|Any CPU.Deploy.0 = Debug|Any CPU
		{EE9E4614-9871-4D60-A99F-872189A1223E}.Debug|iPhone.ActiveCfg = Debug|Any CPU
		{EE9E4614-9871-4D60-A99F-872189A1223E}.Debug|iPhone.Build.0 = Debug|Any CPU
		{EE9E4614-9871-4D60-A99F-872189A1223E}.Debug|iPhone.Deploy.0 = Debug|Any CPU
		{EE9E4614-9871-4D60-A99F-872189A1223E}.Debug|iPhoneSimulator.ActiveCfg = Debug|Any CPU
		{EE9E4614-9871-4D60-A99F-872189A1223E}.Debug|iPhoneSimulator.Build.0 = Debug|Any CPU
		{EE9E4614-9871-4D60-A99F-872189A1223E}.Debug|iPhoneSimulator.Deploy.0 = Debug|Any CPU
		{EE9E4614-9871-4D60-A99F-872189A1223E}.Release|Any CPU.ActiveCfg = Release|Any CPU
		{EE9E4614-9871-4D60-A99F-872189A1223E}.Release|Any CPU.Build.0 = Release|Any CPU
		{EE9E4614-9871-4D60-A99F-872189A1223E}.Release|Any CPU.Deploy.0 = Release|Any CPU
		{EE9E4614-9871-4D60-A99F-872189A1223E}.Release|iPhone.ActiveCfg = Release|Any CPU
		{EE9E4614-9871-4D60-A99F-872189A1223E}.Release|iPhone.Build.0 = Release|Any CPU
		{EE9E4614-9871-4D60-A99F-872189A1223E}.Release|iPhone.Deploy.0 = Release|Any CPU
		{EE9E4614-9871-4D60-A99F-872189A1223E}.Release|iPhoneSimulator.ActiveCfg = Release|Any CPU
		{EE9E4614-9871-4D60-A99F-872189A1223E}.Release|iPhoneSimulator.Build.0 = Release|Any CPU
		{EE9E4614-9871-4D60-A99F-872189A1223E}.Release|iPhoneSimulator.Deploy.0 = Release|Any CPU
		{C9A4CF86-C605-4CD6-AAD0-6CC7804DA71F}.Debug|Any CPU.ActiveCfg = Debug|Any CPU
		{C9A4CF86-C605-4CD6-AAD0-6CC7804DA71F}.Debug|Any CPU.Build.0 = Debug|Any CPU
		{C9A4CF86-C605-4CD6-AAD0-6CC7804DA71F}.Debug|Any CPU.Deploy.0 = Debug|Any CPU
		{C9A4CF86-C605-4CD6-AAD0-6CC7804DA71F}.Debug|iPhone.ActiveCfg = Debug|Any CPU
		{C9A4CF86-C605-4CD6-AAD0-6CC7804DA71F}.Debug|iPhone.Build.0 = Debug|Any CPU
		{C9A4CF86-C605-4CD6-AAD0-6CC7804DA71F}.Debug|iPhone.Deploy.0 = Debug|Any CPU
		{C9A4CF86-C605-4CD6-AAD0-6CC7804DA71F}.Debug|iPhoneSimulator.ActiveCfg = Debug|Any CPU
		{C9A4CF86-C605-4CD6-AAD0-6CC7804DA71F}.Debug|iPhoneSimulator.Build.0 = Debug|Any CPU
		{C9A4CF86-C605-4CD6-AAD0-6CC7804DA71F}.Debug|iPhoneSimulator.Deploy.0 = Debug|Any CPU
		{C9A4CF86-C605-4CD6-AAD0-6CC7804DA71F}.Release|Any CPU.ActiveCfg = Release|Any CPU
		{C9A4CF86-C605-4CD6-AAD0-6CC7804DA71F}.Release|Any CPU.Build.0 = Release|Any CPU
		{C9A4CF86-C605-4CD6-AAD0-6CC7804DA71F}.Release|Any CPU.Deploy.0 = Release|Any CPU
		{C9A4CF86-C605-4CD6-AAD0-6CC7804DA71F}.Release|iPhone.ActiveCfg = Release|Any CPU
		{C9A4CF86-C605-4CD6-AAD0-6CC7804DA71F}.Release|iPhone.Build.0 = Release|Any CPU
		{C9A4CF86-C605-4CD6-AAD0-6CC7804DA71F}.Release|iPhone.Deploy.0 = Release|Any CPU
		{C9A4CF86-C605-4CD6-AAD0-6CC7804DA71F}.Release|iPhoneSimulator.ActiveCfg = Release|Any CPU
		{C9A4CF86-C605-4CD6-AAD0-6CC7804DA71F}.Release|iPhoneSimulator.Build.0 = Release|Any CPU
		{C9A4CF86-C605-4CD6-AAD0-6CC7804DA71F}.Release|iPhoneSimulator.Deploy.0 = Release|Any CPU
	EndGlobalSection
	GlobalSection(SolutionProperties) = preSolution
		HideSolutionNode = FALSE
	EndGlobalSection
	GlobalSection(ExtensibilityGlobals) = postSolution
		SolutionGuid = {2D10BF56-ED90-4B6F-AD1D-0C982E4C9D23}
	EndGlobalSection
EndGlobal
